<?xml version="1.0" encoding="utf-8"?>
<Project ToolsVersion="4.0" xmlns="http://schemas.microsoft.com/developer/msbuild/2003">
  <ItemGroup>
    <Filter Include="Resource Files">
      <UniqueIdentifier>{67DA6AB6-F800-4c08-8B7A-83BB121AAD01}</UniqueIdentifier>
      <Extensions>rc;ico;cur;bmp;dlg;rc2;rct;bin;rgs;gif;jpg;jpeg;jpe;resx;tiff;tif;png;wav;mfcribbon-ms</Extensions>
    </Filter>
    <Filter Include="ECS">
      <UniqueIdentifier>{93995380-89BD-4b04-88EB-625FBE52EBFB}</UniqueIdentifier>
      <Extensions>h;hh;hpp;hxx;hm;inl;inc;ipp;xsd</Extensions>
    </Filter>
    <Filter Include="Game">
      <UniqueIdentifier>{b622b802-8215-4f78-871e-cbc6f38e1f42}</UniqueIdentifier>
    </Filter>
  </ItemGroup>
  <ItemGroup>
    <ClInclude Include="ECSBase.h">
      <Filter>ECS</Filter>
    </ClInclude>
    <ClInclude Include="ECSManager.h">
      <Filter>ECS</Filter>
    </ClInclude>
    <ClInclude Include="ECSContainer.h">
      <Filter>ECS</Filter>
    </ClInclude>
    <ClInclude Include="ECSManagerAsync.h">
      <Filter>ECS</Filter>
    </ClInclude>
    <ClInclude Include="ECSEvent.h">
      <Filter>ECS</Filter>
    </ClInclude>
    <ClInclude Include="Components.h">
      <Filter>Game</Filter>
    </ClInclude>
    <ClInclude Include="Systems.h">
      <Filter>Game</Filter>
    </ClInclude>
    <ClInclude Include="ECSStat.h">
      <Filter>ECS</Filter>
    </ClInclude>
    <ClInclude Include="GameBase.h">
      <Filter>Game</Filter>
    </ClInclude>
  </ItemGroup>
  <ItemGroup>
    <ClCompile Include="Components.cpp">
      <Filter>Game</Filter>
    </ClCompile>
    <ClCompile Include="GameBase.cpp">
      <Filter>Game</Filter>
    </ClCompile>
    <ClCompile Include="GameMain.cpp">
      <Filter>Game</Filter>
    </ClCompile>
  </ItemGroup>
</Project>